
Microsoft Visual Studio Solution File, Format Version 12.00
# Visual Studio Version 16
VisualStudioVersion = 16.0.32802.440
MinimumVisualStudioVersion = 10.0.40219.1
Project("{FAE04EC0-301F-11D3-BF4B-00C04F79EFBC}") = "HospitalProjectMackenzie", "HospitalProjectMackenzie\HospitalProjectMackenzie.csproj", "{1F97773A-9069-4665-9667-251C1FF41964}"
EndProject
Global
	GlobalSection(SolutionConfigurationPlatforms) = preSolution
		Debug|Any CPU = Debug|Any CPU
		Release|Any CPU = Release|Any CPU
	EndGlobalSection
	GlobalSection(ProjectConfigurationPlatforms) = postSolution
		{1F97773A-9069-4665-9667-251C1FF41964}.Debug|Any CPU.ActiveCfg = Debug|Any CPU
		{1F97773A-9069-4665-9667-251C1FF41964}.Debug|Any CPU.Build.0 = Debug|Any CPU
		{1F97773A-9069-4665-9667-251C1FF41964}.Release|Any CPU.ActiveCfg = Release|Any CPU
		{1F97773A-9069-4665-9667-251C1FF41964}.Release|Any CPU.Build.0 = Release|Any CPU
	EndGlobalSection
	GlobalSection(SolutionProperties) = preSolution
		HideSolutionNode = FALSE
	EndGlobalSection
	GlobalSection(ExtensibilityGlobals) = postSolution
		SolutionGuid = {C472251B-A5F2-4D5D-8BA9-CFA009196AC5}
	EndGlobalSection
EndGlobal
